
Microsoft Visual Studio Solution File, Format Version 12.00
# Visual Studio Version 17
VisualStudioVersion = 17.1.32414.318
MinimumVisualStudioVersion = 10.0.40219.1
Project("{9A19103F-16F7-4668-BE54-9A1E7A4F7556}") = "ConfigurationManager.Core", "ConfigurationManager.Core\ConfigurationManager.Core.csproj", "{A0811427-51B9-4C24-B0E5-5ED7012505E1}"
EndProject
Project("{9A19103F-16F7-4668-BE54-9A1E7A4F7556}") = "ConfigurationManager.Caching", "ConfigurationManager.Caching\ConfigurationManager.Caching.csproj", "{A19501CC-7A85-4E28-A59E-254D5B2989EE}"
EndProject
Project("{9A19103F-16F7-4668-BE54-9A1E7A4F7556}") = "ConfigurationManager.Service", "ConfigurationManager.Service\ConfigurationManager.Service.csproj", "{AB5195C0-58A6-4803-AF08-81433AE2CB72}"
EndProject
Project("{9A19103F-16F7-4668-BE54-9A1E7A4F7556}") = "ConfigurationManager.Repository", "ConfigurationManager.Repository\ConfigurationManager.Repository.csproj", "{09F54EC6-0B67-4F89-A7D6-D2F186BA7677}"
EndProject
Project("{9A19103F-16F7-4668-BE54-9A1E7A4F7556}") = "ConfigurationManager.API", "ConfigurationManager.API\ConfigurationManager.API.csproj", "{4975DE6E-CC97-49C5-BF91-EB1C0830EAFC}"
EndProject
Global
	GlobalSection(SolutionConfigurationPlatforms) = preSolution
		Debug|Any CPU = Debug|Any CPU
		Release|Any CPU = Release|Any CPU
	EndGlobalSection
	GlobalSection(ProjectConfigurationPlatforms) = postSolution
		{A0811427-51B9-4C24-B0E5-5ED7012505E1}.Debug|Any CPU.ActiveCfg = Debug|Any CPU
		{A0811427-51B9-4C24-B0E5-5ED7012505E1}.Debug|Any CPU.Build.0 = Debug|Any CPU
		{A0811427-51B9-4C24-B0E5-5ED7012505E1}.Release|Any CPU.ActiveCfg = Release|Any CPU
		{A0811427-51B9-4C24-B0E5-5ED7012505E1}.Release|Any CPU.Build.0 = Release|Any CPU
		{A19501CC-7A85-4E28-A59E-254D5B2989EE}.Debug|Any CPU.ActiveCfg = Debug|Any CPU
		{A19501CC-7A85-4E28-A59E-254D5B2989EE}.Debug|Any CPU.Build.0 = Debug|Any CPU
		{A19501CC-7A85-4E28-A59E-254D5B2989EE}.Release|Any CPU.ActiveCfg = Release|Any CPU
		{A19501CC-7A85-4E28-A59E-254D5B2989EE}.Release|Any CPU.Build.0 = Release|Any CPU
		{AB5195C0-58A6-4803-AF08-81433AE2CB72}.Debug|Any CPU.ActiveCfg = Debug|Any CPU
		{AB5195C0-58A6-4803-AF08-81433AE2CB72}.Debug|Any CPU.Build.0 = Debug|Any CPU
		{AB5195C0-58A6-4803-AF08-81433AE2CB72}.Release|Any CPU.ActiveCfg = Release|Any CPU
		{AB5195C0-58A6-4803-AF08-81433AE2CB72}.Release|Any CPU.Build.0 = Release|Any CPU
		{09F54EC6-0B67-4F89-A7D6-D2F186BA7677}.Debug|Any CPU.ActiveCfg = Debug|Any CPU
		{09F54EC6-0B67-4F89-A7D6-D2F186BA7677}.Debug|Any CPU.Build.0 = Debug|Any CPU
		{09F54EC6-0B67-4F89-A7D6-D2F186BA7677}.Release|Any CPU.ActiveCfg = Release|Any CPU
		{09F54EC6-0B67-4F89-A7D6-D2F186BA7677}.Release|Any CPU.Build.0 = Release|Any CPU
		{4975DE6E-CC97-49C5-BF91-EB1C0830EAFC}.Debug|Any CPU.ActiveCfg = Debug|Any CPU
		{4975DE6E-CC97-49C5-BF91-EB1C0830EAFC}.Debug|Any CPU.Build.0 = Debug|Any CPU
		{4975DE6E-CC97-49C5-BF91-EB1C0830EAFC}.Release|Any CPU.ActiveCfg = Release|Any CPU
		{4975DE6E-CC97-49C5-BF91-EB1C0830EAFC}.Release|Any CPU.Build.0 = Release|Any CPU
	EndGlobalSection
	GlobalSection(SolutionProperties) = preSolution
		HideSolutionNode = FALSE
	EndGlobalSection
	GlobalSection(ExtensibilityGlobals) = postSolution
		SolutionGuid = {749A5B60-378C-4048-A9AB-CFFCCF3F8055}
	EndGlobalSection
EndGlobal
